
Microsoft Visual Studio Solution File, Format Version 12.00
# Visual Studio 15
Project("{FAE04EC0-301F-11D3-BF4B-00C04F79EFBC}") = "ManyMethods", "ManyMethods\ManyMethods.csproj", "{BD621172-FE2C-4BB3-B86F-1B11140D8A23}"
EndProject
Project("{FAE04EC0-301F-11D3-BF4B-00C04F79EFBC}") = "RockPaperScissors", "RockPaperScissors\RockPaperScissors.csproj", "{B0DC0457-CCAB-4F97-B106-D2C0D5EA3FE6}"
EndProject
Project("{FAE04EC0-301F-11D3-BF4B-00C04F79EFBC}") = "Gradebook", "Gradebook\Gradebook.csproj", "{6F489762-0B80-4C42-97AB-44A5F416607D}"
EndProject
Project("{FAE04EC0-301F-11D3-BF4B-00C04F79EFBC}") = "Mastermind", "Mastermind\Mastermind.csproj", "{120E78D1-362A-4B8D-9212-0DEA1141DEA2}"
EndProject
Project("{FAE04EC0-301F-11D3-BF4B-00C04F79EFBC}") = "TowersOfHanoi", "TowersOfHanoi\TowersOfHanoi.csproj", "{36E506AB-EC57-4F4E-8878-1C65B39B3A6B}"
EndProject
Project("{FAE04EC0-301F-11D3-BF4B-00C04F79EFBC}") = "PoCos", "PoCos\PoCos.csproj", "{844CF947-9131-416D-9101-A8A6BABD80B3}"
EndProject
Project("{FAE04EC0-301F-11D3-BF4B-00C04F79EFBC}") = "FizzBuzz", "FizzBuzz\FizzBuzz.csproj", "{BFF63215-33DA-42D1-A8A7-E9F98FD2E2D4}"
EndProject
Project("{FAE04EC0-301F-11D3-BF4B-00C04F79EFBC}") = "PigLatin", "PigLatin\PigLatin.csproj", "{C5CC14B3-1F9C-4816-8736-910EB2143A31}"
EndProject
Project("{FAE04EC0-301F-11D3-BF4B-00C04F79EFBC}") = "SuperHeroes", "SuperHeroes\SuperHeroes.csproj", "{CEE3D97B-112C-4606-AFD1-EE07401D1D81}"
EndProject
Project("{FAE04EC0-301F-11D3-BF4B-00C04F79EFBC}") = "CarLot", "CarLot\CarLot.csproj", "{87E6B2D0-95B1-45E9-A1B6-2331D64D4B76}"
EndProject
Project("{FAE04EC0-301F-11D3-BF4B-00C04F79EFBC}") = "SortingWith0", "SortingWith0\SortingWith0.csproj", "{254DE04D-CCF1-4949-B90E-4E6121062C2C}"
EndProject
Project("{FAE04EC0-301F-11D3-BF4B-00C04F79EFBC}") = "Checkers", "Checkers\Checkers.csproj", "{D932130F-4F0E-4D5B-A023-316C6210DC20}"
EndProject
Global
	GlobalSection(SolutionConfigurationPlatforms) = preSolution
		Debug|anycpu = Debug|anycpu
		Release|anycpu = Release|anycpu
	EndGlobalSection
	GlobalSection(ProjectConfigurationPlatforms) = postSolution
		{BD621172-FE2C-4BB3-B86F-1B11140D8A23}.Debug|anycpu.ActiveCfg = Debug|anycpu
		{BD621172-FE2C-4BB3-B86F-1B11140D8A23}.Debug|anycpu.Build.0 = Debug|anycpu
		{BD621172-FE2C-4BB3-B86F-1B11140D8A23}.Release|anycpu.ActiveCfg = Release|anycpu
		{BD621172-FE2C-4BB3-B86F-1B11140D8A23}.Release|anycpu.Build.0 = Release|anycpu
		{B0DC0457-CCAB-4F97-B106-D2C0D5EA3FE6}.Debug|anycpu.ActiveCfg = Debug|anycpu
		{B0DC0457-CCAB-4F97-B106-D2C0D5EA3FE6}.Debug|anycpu.Build.0 = Debug|anycpu
		{B0DC0457-CCAB-4F97-B106-D2C0D5EA3FE6}.Release|anycpu.ActiveCfg = Release|anycpu
		{B0DC0457-CCAB-4F97-B106-D2C0D5EA3FE6}.Release|anycpu.Build.0 = Release|anycpu
		{6F489762-0B80-4C42-97AB-44A5F416607D}.Debug|anycpu.ActiveCfg = Debug|anycpu
		{6F489762-0B80-4C42-97AB-44A5F416607D}.Debug|anycpu.Build.0 = Debug|anycpu
		{6F489762-0B80-4C42-97AB-44A5F416607D}.Release|anycpu.ActiveCfg = Release|anycpu
		{6F489762-0B80-4C42-97AB-44A5F416607D}.Release|anycpu.Build.0 = Release|anycpu
		{120E78D1-362A-4B8D-9212-0DEA1141DEA2}.Debug|anycpu.ActiveCfg = Debug|anycpu
		{120E78D1-362A-4B8D-9212-0DEA1141DEA2}.Debug|anycpu.Build.0 = Debug|anycpu
		{120E78D1-362A-4B8D-9212-0DEA1141DEA2}.Release|anycpu.ActiveCfg = Release|anycpu
		{120E78D1-362A-4B8D-9212-0DEA1141DEA2}.Release|anycpu.Build.0 = Release|anycpu
		{36E506AB-EC57-4F4E-8878-1C65B39B3A6B}.Debug|anycpu.ActiveCfg = Debug|anycpu
		{36E506AB-EC57-4F4E-8878-1C65B39B3A6B}.Debug|anycpu.Build.0 = Debug|anycpu
		{36E506AB-EC57-4F4E-8878-1C65B39B3A6B}.Release|anycpu.ActiveCfg = Release|anycpu
		{36E506AB-EC57-4F4E-8878-1C65B39B3A6B}.Release|anycpu.Build.0 = Release|anycpu
		{844CF947-9131-416D-9101-A8A6BABD80B3}.Debug|anycpu.ActiveCfg = Debug|anycpu
		{844CF947-9131-416D-9101-A8A6BABD80B3}.Debug|anycpu.Build.0 = Debug|anycpu
		{844CF947-9131-416D-9101-A8A6BABD80B3}.Release|anycpu.ActiveCfg = Release|anycpu
		{844CF947-9131-416D-9101-A8A6BABD80B3}.Release|anycpu.Build.0 = Release|anycpu
		{BFF63215-33DA-42D1-A8A7-E9F98FD2E2D4}.Debug|anycpu.ActiveCfg = Debug|anycpu
		{BFF63215-33DA-42D1-A8A7-E9F98FD2E2D4}.Debug|anycpu.Build.0 = Debug|anycpu
		{BFF63215-33DA-42D1-A8A7-E9F98FD2E2D4}.Release|anycpu.ActiveCfg = Release|anycpu
		{BFF63215-33DA-42D1-A8A7-E9F98FD2E2D4}.Release|anycpu.Build.0 = Release|anycpu
		{C5CC14B3-1F9C-4816-8736-910EB2143A31}.Debug|anycpu.ActiveCfg = Debug|anycpu
		{C5CC14B3-1F9C-4816-8736-910EB2143A31}.Debug|anycpu.Build.0 = Debug|anycpu
		{C5CC14B3-1F9C-4816-8736-910EB2143A31}.Release|anycpu.ActiveCfg = Release|anycpu
		{C5CC14B3-1F9C-4816-8736-910EB2143A31}.Release|anycpu.Build.0 = Release|anycpu
		{CEE3D97B-112C-4606-AFD1-EE07401D1D81}.Debug|anycpu.ActiveCfg = Debug|anycpu
		{CEE3D97B-112C-4606-AFD1-EE07401D1D81}.Debug|anycpu.Build.0 = Debug|anycpu
		{CEE3D97B-112C-4606-AFD1-EE07401D1D81}.Release|anycpu.ActiveCfg = Release|anycpu
		{CEE3D97B-112C-4606-AFD1-EE07401D1D81}.Release|anycpu.Build.0 = Release|anycpu
		{87E6B2D0-95B1-45E9-A1B6-2331D64D4B76}.Debug|anycpu.ActiveCfg = Debug|anycpu
		{87E6B2D0-95B1-45E9-A1B6-2331D64D4B76}.Debug|anycpu.Build.0 = Debug|anycpu
		{87E6B2D0-95B1-45E9-A1B6-2331D64D4B76}.Release|anycpu.ActiveCfg = Release|anycpu
		{87E6B2D0-95B1-45E9-A1B6-2331D64D4B76}.Release|anycpu.Build.0 = Release|anycpu
		{254DE04D-CCF1-4949-B90E-4E6121062C2C}.Debug|anycpu.ActiveCfg = Debug|anycpu
		{254DE04D-CCF1-4949-B90E-4E6121062C2C}.Debug|anycpu.Build.0 = Debug|anycpu
		{254DE04D-CCF1-4949-B90E-4E6121062C2C}.Release|anycpu.ActiveCfg = Release|anycpu
		{254DE04D-CCF1-4949-B90E-4E6121062C2C}.Release|anycpu.Build.0 = Release|anycpu
		{D932130F-4F0E-4D5B-A023-316C6210DC20}.Debug|anycpu.ActiveCfg = Debug|anycpu
		{D932130F-4F0E-4D5B-A023-316C6210DC20}.Debug|anycpu.Build.0 = Debug|anycpu
		{D932130F-4F0E-4D5B-A023-316C6210DC20}.Release|anycpu.ActiveCfg = Release|anycpu
		{D932130F-4F0E-4D5B-A023-316C6210DC20}.Release|anycpu.Build.0 = Release|anycpu
	EndGlobalSection
EndGlobal
